
Microsoft Visual Studio Solution File, Format Version 12.00
# Visual Studio Version 17
VisualStudioVersion = 17.6.33723.286
MinimumVisualStudioVersion = 10.0.40219.1
Project("{FAE04EC0-301F-11D3-BF4B-00C04F79EFBC}") = "Assignment-1-Part-II", "Assignment-1-Part-II\Assignment-1-Part-II.csproj", "{32D09624-4624-4192-9171-4C3538754826}"
EndProject
Global
	GlobalSection(SolutionConfigurationPlatforms) = preSolution
		Debug|Any CPU = Debug|Any CPU
		Release|Any CPU = Release|Any CPU
	EndGlobalSection
	GlobalSection(ProjectConfigurationPlatforms) = postSolution
		{32D09624-4624-4192-9171-4C3538754826}.Debug|Any CPU.ActiveCfg = Debug|Any CPU
		{32D09624-4624-4192-9171-4C3538754826}.Debug|Any CPU.Build.0 = Debug|Any CPU
		{32D09624-4624-4192-9171-4C3538754826}.Release|Any CPU.ActiveCfg = Release|Any CPU
		{32D09624-4624-4192-9171-4C3538754826}.Release|Any CPU.Build.0 = Release|Any CPU
	EndGlobalSection
	GlobalSection(SolutionProperties) = preSolution
		HideSolutionNode = FALSE
	EndGlobalSection
	GlobalSection(ExtensibilityGlobals) = postSolution
		SolutionGuid = {25720989-E8CD-456B-B15B-5A9E10DF7650}
	EndGlobalSection
EndGlobal
